
Microsoft Visual Studio Solution File, Format Version 12.00
# Visual Studio Version 17
VisualStudioVersion = 17.2.32630.192
MinimumVisualStudioVersion = 10.0.40219.1
Project("{FAE04EC0-301F-11D3-BF4B-00C04F79EFBC}") = "CriptoInvestAnalyst", "CriptoInvestAnalyst\CriptoInvestAnalyst.csproj", "{148E8297-9B9E-450B-A3B4-985C402F571B}"
EndProject
Project("{FAE04EC0-301F-11D3-BF4B-00C04F79EFBC}") = "Extenstions", "Extenstions\Extenstions.csproj", "{85A1EB17-66A6-4911-A02E-8BD55F517C8E}"
EndProject
Project("{FAE04EC0-301F-11D3-BF4B-00C04F79EFBC}") = "Program", "Program\Program.csproj", "{F9886AFC-5BEE-44CF-9506-13E19DF50724}"
EndProject
Project("{FAE04EC0-301F-11D3-BF4B-00C04F79EFBC}") = "GraphVisualizetion", "Visualizetion\GraphVisualizetion.csproj", "{6E7CBAD5-D366-425E-B776-B288D8F9016C}"
EndProject
Project("{FAE04EC0-301F-11D3-BF4B-00C04F79EFBC}") = "ShowCryptoGraph", "ShowCryptoGraph\ShowCryptoGraph.csproj", "{CD5516E1-D003-4818-AC25-BB15E2D7236A}"
EndProject
Global
	GlobalSection(SolutionConfigurationPlatforms) = preSolution
		Debug|Any CPU = Debug|Any CPU
		Release|Any CPU = Release|Any CPU
	EndGlobalSection
	GlobalSection(ProjectConfigurationPlatforms) = postSolution
		{148E8297-9B9E-450B-A3B4-985C402F571B}.Debug|Any CPU.ActiveCfg = Debug|Any CPU
		{148E8297-9B9E-450B-A3B4-985C402F571B}.Debug|Any CPU.Build.0 = Debug|Any CPU
		{148E8297-9B9E-450B-A3B4-985C402F571B}.Release|Any CPU.ActiveCfg = Release|Any CPU
		{148E8297-9B9E-450B-A3B4-985C402F571B}.Release|Any CPU.Build.0 = Release|Any CPU
		{85A1EB17-66A6-4911-A02E-8BD55F517C8E}.Debug|Any CPU.ActiveCfg = Debug|Any CPU
		{85A1EB17-66A6-4911-A02E-8BD55F517C8E}.Debug|Any CPU.Build.0 = Debug|Any CPU
		{85A1EB17-66A6-4911-A02E-8BD55F517C8E}.Release|Any CPU.ActiveCfg = Release|Any CPU
		{85A1EB17-66A6-4911-A02E-8BD55F517C8E}.Release|Any CPU.Build.0 = Release|Any CPU
		{F9886AFC-5BEE-44CF-9506-13E19DF50724}.Debug|Any CPU.ActiveCfg = Debug|Any CPU
		{F9886AFC-5BEE-44CF-9506-13E19DF50724}.Debug|Any CPU.Build.0 = Debug|Any CPU
		{F9886AFC-5BEE-44CF-9506-13E19DF50724}.Release|Any CPU.ActiveCfg = Release|Any CPU
		{F9886AFC-5BEE-44CF-9506-13E19DF50724}.Release|Any CPU.Build.0 = Release|Any CPU
		{6E7CBAD5-D366-425E-B776-B288D8F9016C}.Debug|Any CPU.ActiveCfg = Debug|Any CPU
		{6E7CBAD5-D366-425E-B776-B288D8F9016C}.Debug|Any CPU.Build.0 = Debug|Any CPU
		{6E7CBAD5-D366-425E-B776-B288D8F9016C}.Release|Any CPU.ActiveCfg = Release|Any CPU
		{6E7CBAD5-D366-425E-B776-B288D8F9016C}.Release|Any CPU.Build.0 = Release|Any CPU
		{CD5516E1-D003-4818-AC25-BB15E2D7236A}.Debug|Any CPU.ActiveCfg = Debug|Any CPU
		{CD5516E1-D003-4818-AC25-BB15E2D7236A}.Debug|Any CPU.Build.0 = Debug|Any CPU
		{CD5516E1-D003-4818-AC25-BB15E2D7236A}.Release|Any CPU.ActiveCfg = Release|Any CPU
		{CD5516E1-D003-4818-AC25-BB15E2D7236A}.Release|Any CPU.Build.0 = Release|Any CPU
	EndGlobalSection
	GlobalSection(SolutionProperties) = preSolution
		HideSolutionNode = FALSE
	EndGlobalSection
	GlobalSection(ExtensibilityGlobals) = postSolution
		SolutionGuid = {390F358A-BC43-40B2-91B5-69DE7E10B56B}
	EndGlobalSection
EndGlobal
